
Microsoft Visual Studio Solution File, Format Version 12.00
# Visual Studio Version 16
VisualStudioVersion = 16.0.30320.27
MinimumVisualStudioVersion = 10.0.40219.1
Project("{FAE04EC0-301F-11D3-BF4B-00C04F79EFBC}") = "Rescorer", "Rescorer\Rescorer.csproj", "{E7709DCF-7B56-43B0-BABE-67F706B1D350}"
EndProject
Global
	GlobalSection(SolutionConfigurationPlatforms) = preSolution
		Debug|Any CPU = Debug|Any CPU
		Release|Any CPU = Release|Any CPU
	EndGlobalSection
	GlobalSection(ProjectConfigurationPlatforms) = postSolution
		{E7709DCF-7B56-43B0-BABE-67F706B1D350}.Debug|Any CPU.ActiveCfg = Debug|Any CPU
		{E7709DCF-7B56-43B0-BABE-67F706B1D350}.Debug|Any CPU.Build.0 = Debug|Any CPU
		{E7709DCF-7B56-43B0-BABE-67F706B1D350}.Release|Any CPU.ActiveCfg = Release|Any CPU
		{E7709DCF-7B56-43B0-BABE-67F706B1D350}.Release|Any CPU.Build.0 = Release|Any CPU
	EndGlobalSection
	GlobalSection(SolutionProperties) = preSolution
		HideSolutionNode = FALSE
	EndGlobalSection
	GlobalSection(ExtensibilityGlobals) = postSolution
		SolutionGuid = {3D79C567-996A-40A6-817D-E737E72E0EC4}
	EndGlobalSection
EndGlobal
